
Microsoft Visual Studio Solution File, Format Version 12.00
# Visual Studio Version 17
VisualStudioVersion = 17.8.34511.84
MinimumVisualStudioVersion = 10.0.40219.1
Project("{FAE04EC0-301F-11D3-BF4B-00C04F79EFBC}") = "SchoolHRAdministration", "SchoolHRAdministration\SchoolHRAdministration.csproj", "{DBCC9A64-4B7F-4D22-920C-862FAFA61CE5}"
EndProject
Project("{FAE04EC0-301F-11D3-BF4B-00C04F79EFBC}") = "HRAdministrationAPI", "HRAdministrationAPI\HRAdministrationAPI.csproj", "{9B1B906C-4EB0-4870-9F45-97B7444795C9}"
EndProject
Global
	GlobalSection(SolutionConfigurationPlatforms) = preSolution
		Debug|Any CPU = Debug|Any CPU
		Release|Any CPU = Release|Any CPU
	EndGlobalSection
	GlobalSection(ProjectConfigurationPlatforms) = postSolution
		{DBCC9A64-4B7F-4D22-920C-862FAFA61CE5}.Debug|Any CPU.ActiveCfg = Debug|Any CPU
		{DBCC9A64-4B7F-4D22-920C-862FAFA61CE5}.Debug|Any CPU.Build.0 = Debug|Any CPU
		{DBCC9A64-4B7F-4D22-920C-862FAFA61CE5}.Release|Any CPU.ActiveCfg = Release|Any CPU
		{DBCC9A64-4B7F-4D22-920C-862FAFA61CE5}.Release|Any CPU.Build.0 = Release|Any CPU
		{9B1B906C-4EB0-4870-9F45-97B7444795C9}.Debug|Any CPU.ActiveCfg = Debug|Any CPU
		{9B1B906C-4EB0-4870-9F45-97B7444795C9}.Debug|Any CPU.Build.0 = Debug|Any CPU
		{9B1B906C-4EB0-4870-9F45-97B7444795C9}.Release|Any CPU.ActiveCfg = Release|Any CPU
		{9B1B906C-4EB0-4870-9F45-97B7444795C9}.Release|Any CPU.Build.0 = Release|Any CPU
	EndGlobalSection
	GlobalSection(SolutionProperties) = preSolution
		HideSolutionNode = FALSE
	EndGlobalSection
	GlobalSection(ExtensibilityGlobals) = postSolution
		SolutionGuid = {E8EB1EF9-3A9D-4AA9-85A0-644A46EFC91E}
	EndGlobalSection
EndGlobal
